# This file is automatically @generated by Cargo.
# It is not intended for manual editing.
version = 4

[[package]]
name = "atomic-movegen"
version = "2.0.0"
source = "registry+https://github.com/rust-lang/crates.io-index"
checksum = "ada103b26bfcc45631b1abcdf19dc88abbf6110c36d096d134c67e4313459c3a"

[[package]]
name = "atomic_solver"
version = "0.1.0"
dependencies = [
 "atomic-movegen",
]
